// !$*UTF8*$!
{
	archiveVersion = 1;
	classes = {
	};
	objectVersion = 51;
	objects = {

/* Begin PBXBuildFile section */
		2E833DCA24B5EB730057D502 /* NetworkHelper.swift in Sources */ = {isa = PBXBuildFile; fileRef = 2E833DC924B5EB730057D502 /* NetworkHelper.swift */; };
		2E833DCC24B5EC1D0057D502 /* GroceryAPIConfig.swift in Sources */ = {isa = PBXBuildFile; fileRef = 2E833DCB24B5EC1D0057D502 /* GroceryAPIConfig.swift */; };
		2E833DCE24B601DE0057D502 /* ShoppingPresenter.swift in Sources */ = {isa = PBXBuildFile; fileRef = 2E833DCD24B601DE0057D502 /* ShoppingPresenter.swift */; };
		2E833DD024B602B80057D502 /* Product.swift in Sources */ = {isa = PBXBuildFile; fileRef = 2E833DCF24B602B80057D502 /* Product.swift */; };
		2E833DD324B608D30057D502 /* ShoppingPresenterProtocol.swift in Sources */ = {isa = PBXBuildFile; fileRef = 2E833DD224B608D30057D502 /* ShoppingPresenterProtocol.swift */; };
		2E833DD524B60F7F0057D502 /* ShoppingPresenterTests.swift in Sources */ = {isa = PBXBuildFile; fileRef = 2E833DD424B60F7F0057D502 /* ShoppingPresenterTests.swift */; };
		2E833DD724B617F80057D502 /* Extensions.swift in Sources */ = {isa = PBXBuildFile; fileRef = 2E833DD624B617F80057D502 /* Extensions.swift */; };
		2E833DDA24B648E10057D502 /* CartCell.swift in Sources */ = {isa = PBXBuildFile; fileRef = 2E833DD824B648E10057D502 /* CartCell.swift */; };
		2E833DDB24B648E10057D502 /* CartCell.xib in Resources */ = {isa = PBXBuildFile; fileRef = 2E833DD924B648E10057D502 /* CartCell.xib */; };
		2E833DDD24B652F60057D502 /* Cart.swift in Sources */ = {isa = PBXBuildFile; fileRef = 2E833DDC24B652F60057D502 /* Cart.swift */; };
		2E833DDF24B6533E0057D502 /* CartPresenter.swift in Sources */ = {isa = PBXBuildFile; fileRef = 2E833DDE24B6533E0057D502 /* CartPresenter.swift */; };
		2E833DE124B6535E0057D502 /* CartProtocol.swift in Sources */ = {isa = PBXBuildFile; fileRef = 2E833DE024B6535E0057D502 /* CartProtocol.swift */; };
		2EDC3A8924B4FAB600944A3D /* AppDelegate.swift in Sources */ = {isa = PBXBuildFile; fileRef = 2EDC3A8824B4FAB600944A3D /* AppDelegate.swift */; };
		2EDC3A8B24B4FAB600944A3D /* SceneDelegate.swift in Sources */ = {isa = PBXBuildFile; fileRef = 2EDC3A8A24B4FAB600944A3D /* SceneDelegate.swift */; };
		2EDC3A9024B4FAB600944A3D /* Main.storyboard in Resources */ = {isa = PBXBuildFile; fileRef = 2EDC3A8E24B4FAB600944A3D /* Main.storyboard */; };
		2EDC3A9224B4FAB700944A3D /* Assets.xcassets in Resources */ = {isa = PBXBuildFile; fileRef = 2EDC3A9124B4FAB700944A3D /* Assets.xcassets */; };
		2EDC3A9524B4FAB700944A3D /* LaunchScreen.storyboard in Resources */ = {isa = PBXBuildFile; fileRef = 2EDC3A9324B4FAB700944A3D /* LaunchScreen.storyboard */; };
		2EDC3AA024B4FAB700944A3D /* GroceryShoppingTaskTests.swift in Sources */ = {isa = PBXBuildFile; fileRef = 2EDC3A9F24B4FAB700944A3D /* GroceryShoppingTaskTests.swift */; };
		2EDC3AB024B515B700944A3D /* ShoppingViewControllerTests.swift in Sources */ = {isa = PBXBuildFile; fileRef = 2EDC3AAF24B515B700944A3D /* ShoppingViewControllerTests.swift */; };
		2EDC3AB424B5168B00944A3D /* ShoppingViewController.swift in Sources */ = {isa = PBXBuildFile; fileRef = 2EDC3AB324B5168B00944A3D /* ShoppingViewController.swift */; };
		2EDC3AB624B5169B00944A3D /* CartViewController.swift in Sources */ = {isa = PBXBuildFile; fileRef = 2EDC3AB524B5169B00944A3D /* CartViewController.swift */; };
		2EDC3ABA24B5177E00944A3D /* ShoppingCell.swift in Sources */ = {isa = PBXBuildFile; fileRef = 2EDC3AB824B5177E00944A3D /* ShoppingCell.swift */; };
		2EDC3ABB24B5177E00944A3D /* ShoppingCell.xib in Resources */ = {isa = PBXBuildFile; fileRef = 2EDC3AB924B5177E00944A3D /* ShoppingCell.xib */; };
		6062B021089C6492E81803E4 /* Pods_GroceryShoppingTask.framework in Frameworks */ = {isa = PBXBuildFile; fileRef = 8CF1E4A76072197EFFD48238 /* Pods_GroceryShoppingTask.framework */; };
		6461EE53984FC794EE35875A /* Pods_GroceryShoppingTaskTests.framework in Frameworks */ = {isa = PBXBuildFile; fileRef = 406873EF49296E85128C827A /* Pods_GroceryShoppingTaskTests.framework */; };
/* End PBXBuildFile section */

/* Begin PBXContainerItemProxy section */
		2EDC3A9C24B4FAB700944A3D /* PBXContainerItemProxy */ = {
			isa = PBXContainerItemProxy;
			containerPortal = 2EDC3A7D24B4FAB500944A3D /* Project object */;
			proxyType = 1;
			remoteGlobalIDString = 2EDC3A8424B4FAB500944A3D;
			remoteInfo = GroceryShoppingTask;
		};
/* End PBXContainerItemProxy section */

/* Begin PBXFileReference section */
		2E833DC924B5EB730057D502 /* NetworkHelper.swift */ = {isa = PBXFileReference; lastKnownFileType = sourcecode.swift; path = NetworkHelper.swift; sourceTree = "<group>"; };
		2E833DCB24B5EC1D0057D502 /* GroceryAPIConfig.swift */ = {isa = PBXFileReference; lastKnownFileType = sourcecode.swift; path = GroceryAPIConfig.swift; sourceTree = "<group>"; };
		2E833DCD24B601DE0057D502 /* ShoppingPresenter.swift */ = {isa = PBXFileReference; lastKnownFileType = sourcecode.swift; path = ShoppingPresenter.swift; sourceTree = "<group>"; };
		2E833DCF24B602B80057D502 /* Product.swift */ = {isa = PBXFileReference; lastKnownFileType = sourcecode.swift; path = Product.swift; sourceTree = "<group>"; };
		2E833DD224B608D30057D502 /* ShoppingPresenterProtocol.swift */ = {isa = PBXFileReference; lastKnownFileType = sourcecode.swift; path = ShoppingPresenterProtocol.swift; sourceTree = "<group>"; };
		2E833DD424B60F7F0057D502 /* ShoppingPresenterTests.swift */ = {isa = PBXFileReference; lastKnownFileType = sourcecode.swift; path = ShoppingPresenterTests.swift; sourceTree = "<group>"; };
		2E833DD624B617F80057D502 /* Extensions.swift */ = {isa = PBXFileReference; lastKnownFileType = sourcecode.swift; path = Extensions.swift; sourceTree = "<group>"; };
		2E833DD824B648E10057D502 /* CartCell.swift */ = {isa = PBXFileReference; lastKnownFileType = sourcecode.swift; path = CartCell.swift; sourceTree = "<group>"; };
		2E833DD924B648E10057D502 /* CartCell.xib */ = {isa = PBXFileReference; lastKnownFileType = file.xib; path = CartCell.xib; sourceTree = "<group>"; };
		2E833DDC24B652F60057D502 /* Cart.swift */ = {isa = PBXFileReference; lastKnownFileType = sourcecode.swift; path = Cart.swift; sourceTree = "<group>"; };
		2E833DDE24B6533E0057D502 /* CartPresenter.swift */ = {isa = PBXFileReference; lastKnownFileType = sourcecode.swift; path = CartPresenter.swift; sourceTree = "<group>"; };
		2E833DE024B6535E0057D502 /* CartProtocol.swift */ = {isa = PBXFileReference; lastKnownFileType = sourcecode.swift; path = CartProtocol.swift; sourceTree = "<group>"; };
		2EDC3A8524B4FAB500944A3D /* GroceryShoppingTask.app */ = {isa = PBXFileReference; explicitFileType = wrapper.application; includeInIndex = 0; path = GroceryShoppingTask.app; sourceTree = BUILT_PRODUCTS_DIR; };
		2EDC3A8824B4FAB600944A3D /* AppDelegate.swift */ = {isa = PBXFileReference; lastKnownFileType = sourcecode.swift; path = AppDelegate.swift; sourceTree = "<group>"; };
		2EDC3A8A24B4FAB600944A3D /* SceneDelegate.swift */ = {isa = PBXFileReference; lastKnownFileType = sourcecode.swift; path = SceneDelegate.swift; sourceTree = "<group>"; };
		2EDC3A8F24B4FAB600944A3D /* Base */ = {isa = PBXFileReference; lastKnownFileType = file.storyboard; name = Base; path = Base.lproj/Main.storyboard; sourceTree = "<group>"; };
		2EDC3A9124B4FAB700944A3D /* Assets.xcassets */ = {isa = PBXFileReference; lastKnownFileType = folder.assetcatalog; path = Assets.xcassets; sourceTree = "<group>"; };
		2EDC3A9424B4FAB700944A3D /* Base */ = {isa = PBXFileReference; lastKnownFileType = file.storyboard; name = Base; path = Base.lproj/LaunchScreen.storyboard; sourceTree = "<group>"; };
		2EDC3A9624B4FAB700944A3D /* Info.plist */ = {isa = PBXFileReference; lastKnownFileType = text.plist.xml; path = Info.plist; sourceTree = "<group>"; };
		2EDC3A9B24B4FAB700944A3D /* GroceryShoppingTaskTests.xctest */ = {isa = PBXFileReference; explicitFileType = wrapper.cfbundle; includeInIndex = 0; path = GroceryShoppingTaskTests.xctest; sourceTree = BUILT_PRODUCTS_DIR; };
		2EDC3A9F24B4FAB700944A3D /* GroceryShoppingTaskTests.swift */ = {isa = PBXFileReference; lastKnownFileType = sourcecode.swift; path = GroceryShoppingTaskTests.swift; sourceTree = "<group>"; };
		2EDC3AA124B4FAB700944A3D /* Info.plist */ = {isa = PBXFileReference; lastKnownFileType = text.plist.xml; path = Info.plist; sourceTree = "<group>"; };
		2EDC3AAF24B515B700944A3D /* ShoppingViewControllerTests.swift */ = {isa = PBXFileReference; lastKnownFileType = sourcecode.swift; path = ShoppingViewControllerTests.swift; sourceTree = "<group>"; };
		2EDC3AB324B5168B00944A3D /* ShoppingViewController.swift */ = {isa = PBXFileReference; lastKnownFileType = sourcecode.swift; path = ShoppingViewController.swift; sourceTree = "<group>"; };
		2EDC3AB524B5169B00944A3D /* CartViewController.swift */ = {isa = PBXFileReference; lastKnownFileType = sourcecode.swift; path = CartViewController.swift; sourceTree = "<group>"; };
		2EDC3AB824B5177E00944A3D /* ShoppingCell.swift */ = {isa = PBXFileReference; lastKnownFileType = sourcecode.swift; path = ShoppingCell.swift; sourceTree = "<group>"; };
		2EDC3AB924B5177E00944A3D /* ShoppingCell.xib */ = {isa = PBXFileReference; lastKnownFileType = file.xib; path = ShoppingCell.xib; sourceTree = "<group>"; };
		3B3818413EC7B09EC746D2DB /* Pods-GroceryShoppingTask.debug.xcconfig */ = {isa = PBXFileReference; includeInIndex = 1; lastKnownFileType = text.xcconfig; name = "Pods-GroceryShoppingTask.debug.xcconfig"; path = "Target Support Files/Pods-GroceryShoppingTask/Pods-GroceryShoppingTask.debug.xcconfig"; sourceTree = "<group>"; };
		406873EF49296E85128C827A /* Pods_GroceryShoppingTaskTests.framework */ = {isa = PBXFileReference; explicitFileType = wrapper.framework; includeInIndex = 0; path = Pods_GroceryShoppingTaskTests.framework; sourceTree = BUILT_PRODUCTS_DIR; };
		5FA64303D0C4A862B1149975 /* Pods-GroceryShoppingTask.release.xcconfig */ = {isa = PBXFileReference; includeInIndex = 1; lastKnownFileType = text.xcconfig; name = "Pods-GroceryShoppingTask.release.xcconfig"; path = "Target Support Files/Pods-GroceryShoppingTask/Pods-GroceryShoppingTask.release.xcconfig"; sourceTree = "<group>"; };
		8CF1E4A76072197EFFD48238 /* Pods_GroceryShoppingTask.framework */ = {isa = PBXFileReference; explicitFileType = wrapper.framework; includeInIndex = 0; path = Pods_GroceryShoppingTask.framework; sourceTree = BUILT_PRODUCTS_DIR; };
		8FB9CB4B4B625CB899BEA82E /* Pods-GroceryShoppingTaskTests.debug.xcconfig */ = {isa = PBXFileReference; includeInIndex = 1; lastKnownFileType = text.xcconfig; name = "Pods-GroceryShoppingTaskTests.debug.xcconfig"; path = "Target Support Files/Pods-GroceryShoppingTaskTests/Pods-GroceryShoppingTaskTests.debug.xcconfig"; sourceTree = "<group>"; };
		DA290357593B3B3B624664CE /* Pods-GroceryShoppingTaskTests.release.xcconfig */ = {isa = PBXFileReference; includeInIndex = 1; lastKnownFileType = text.xcconfig; name = "Pods-GroceryShoppingTaskTests.release.xcconfig"; path = "Target Support Files/Pods-GroceryShoppingTaskTests/Pods-GroceryShoppingTaskTests.release.xcconfig"; sourceTree = "<group>"; };
/* End PBXFileReference section */

/* Begin PBXFrameworksBuildPhase section */
		2EDC3A8224B4FAB500944A3D /* Frameworks */ = {
			isa = PBXFrameworksBuildPhase;
			buildActionMask = 2147483647;
			files = (
				6062B021089C6492E81803E4 /* Pods_GroceryShoppingTask.framework in Frameworks */,
			);
			runOnlyForDeploymentPostprocessing = 0;
		};
		2EDC3A9824B4FAB700944A3D /* Frameworks */ = {
			isa = PBXFrameworksBuildPhase;
			buildActionMask = 2147483647;
			files = (
				6461EE53984FC794EE35875A /* Pods_GroceryShoppingTaskTests.framework in Frameworks */,
			);
			runOnlyForDeploymentPostprocessing = 0;
		};
/* End PBXFrameworksBuildPhase section */

/* Begin PBXGroup section */
		2E833DC824B5EB410057D502 /* Helpers */ = {
			isa = PBXGroup;
			children = (
				2E833DC924B5EB730057D502 /* NetworkHelper.swift */,
				2E833DCB24B5EC1D0057D502 /* GroceryAPIConfig.swift */,
				2E833DD624B617F80057D502 /* Extensions.swift */,
			);
			path = Helpers;
			sourceTree = "<group>";
		};
		2E833DD124B6089B0057D502 /* Protocols */ = {
			isa = PBXGroup;
			children = (
				2E833DD224B608D30057D502 /* ShoppingPresenterProtocol.swift */,
				2E833DE024B6535E0057D502 /* CartProtocol.swift */,
			);
			path = Protocols;
			sourceTree = "<group>";
		};
		2EDC3A7C24B4FAB500944A3D = {
			isa = PBXGroup;
			children = (
				2EDC3A8724B4FAB500944A3D /* GroceryShoppingTask */,
				2EDC3A9E24B4FAB700944A3D /* GroceryShoppingTaskTests */,
				2EDC3A8624B4FAB500944A3D /* Products */,
				6349CE62D1C43E926884E747 /* Pods */,
				FE7900E5FC19A6383AA4C1A0 /* Frameworks */,
			);
			sourceTree = "<group>";
		};
		2EDC3A8624B4FAB500944A3D /* Products */ = {
			isa = PBXGroup;
			children = (
				2EDC3A8524B4FAB500944A3D /* GroceryShoppingTask.app */,
				2EDC3A9B24B4FAB700944A3D /* GroceryShoppingTaskTests.xctest */,
			);
			name = Products;
			sourceTree = "<group>";
		};
		2EDC3A8724B4FAB500944A3D /* GroceryShoppingTask */ = {
			isa = PBXGroup;
			children = (
				2E833DD124B6089B0057D502 /* Protocols */,
				2E833DC824B5EB410057D502 /* Helpers */,
				2EDC3AAC24B5111900944A3D /* Presenters */,
				2EDC3AAB24B5110800944A3D /* Views */,
				2EDC3AAA24B510F700944A3D /* Models */,
				2EDC3A8824B4FAB600944A3D /* AppDelegate.swift */,
				2EDC3A8A24B4FAB600944A3D /* SceneDelegate.swift */,
				2EDC3A8E24B4FAB600944A3D /* Main.storyboard */,
				2EDC3A9124B4FAB700944A3D /* Assets.xcassets */,
				2EDC3A9324B4FAB700944A3D /* LaunchScreen.storyboard */,
				2EDC3A9624B4FAB700944A3D /* Info.plist */,
			);
			path = GroceryShoppingTask;
			sourceTree = "<group>";
		};
		2EDC3A9E24B4FAB700944A3D /* GroceryShoppingTaskTests */ = {
			isa = PBXGroup;
			children = (
				2EDC3A9F24B4FAB700944A3D /* GroceryShoppingTaskTests.swift */,
				2EDC3AA124B4FAB700944A3D /* Info.plist */,
				2EDC3AAF24B515B700944A3D /* ShoppingViewControllerTests.swift */,
				2E833DD424B60F7F0057D502 /* ShoppingPresenterTests.swift */,
			);
			path = GroceryShoppingTaskTests;
			sourceTree = "<group>";
		};
		2EDC3AAA24B510F700944A3D /* Models */ = {
			isa = PBXGroup;
			children = (
				2E833DCF24B602B80057D502 /* Product.swift */,
				2E833DDC24B652F60057D502 /* Cart.swift */,
			);
			path = Models;
			sourceTree = "<group>";
		};
		2EDC3AAB24B5110800944A3D /* Views */ = {
			isa = PBXGroup;
			children = (
				2EDC3AB724B5175C00944A3D /* Cells */,
				2EDC3AB324B5168B00944A3D /* ShoppingViewController.swift */,
				2EDC3AB524B5169B00944A3D /* CartViewController.swift */,
			);
			path = Views;
			sourceTree = "<group>";
		};
		2EDC3AAC24B5111900944A3D /* Presenters */ = {
			isa = PBXGroup;
			children = (
				2E833DCD24B601DE0057D502 /* ShoppingPresenter.swift */,
				2E833DDE24B6533E0057D502 /* CartPresenter.swift */,
			);
			path = Presenters;
			sourceTree = "<group>";
		};
		2EDC3AB724B5175C00944A3D /* Cells */ = {
			isa = PBXGroup;
			children = (
				2EDC3AB824B5177E00944A3D /* ShoppingCell.swift */,
				2EDC3AB924B5177E00944A3D /* ShoppingCell.xib */,
				2E833DD824B648E10057D502 /* CartCell.swift */,
				2E833DD924B648E10057D502 /* CartCell.xib */,
			);
			path = Cells;
			sourceTree = "<group>";
		};
		6349CE62D1C43E926884E747 /* Pods */ = {
			isa = PBXGroup;
			children = (
				3B3818413EC7B09EC746D2DB /* Pods-GroceryShoppingTask.debug.xcconfig */,
				5FA64303D0C4A862B1149975 /* Pods-GroceryShoppingTask.release.xcconfig */,
				8FB9CB4B4B625CB899BEA82E /* Pods-GroceryShoppingTaskTests.debug.xcconfig */,
				DA290357593B3B3B624664CE /* Pods-GroceryShoppingTaskTests.release.xcconfig */,
			);
			path = Pods;
			sourceTree = "<group>";
		};
		FE7900E5FC19A6383AA4C1A0 /* Frameworks */ = {
			isa = PBXGroup;
			children = (
				8CF1E4A76072197EFFD48238 /* Pods_GroceryShoppingTask.framework */,
				406873EF49296E85128C827A /* Pods_GroceryShoppingTaskTests.framework */,
			);
			name = Frameworks;
			sourceTree = "<group>";
		};
/* End PBXGroup section */

/* Begin PBXNativeTarget section */
		2EDC3A8424B4FAB500944A3D /* GroceryShoppingTask */ = {
			isa = PBXNativeTarget;
			buildConfigurationList = 2EDC3AA424B4FAB700944A3D /* Build configuration list for PBXNativeTarget "GroceryShoppingTask" */;
			buildPhases = (
				920CC642123360EF14A582B4 /* [CP] Check Pods Manifest.lock */,
				2EDC3A8124B4FAB500944A3D /* Sources */,
				2EDC3A8224B4FAB500944A3D /* Frameworks */,
				2EDC3A8324B4FAB500944A3D /* Resources */,
				AC764422F8D8FAA5FCF75BF4 /* [CP] Embed Pods Frameworks */,
			);
			buildRules = (
			);
			dependencies = (
			);
			name = GroceryShoppingTask;
			productName = GroceryShoppingTask;
			productReference = 2EDC3A8524B4FAB500944A3D /* GroceryShoppingTask.app */;
			productType = "com.apple.product-type.application";
		};
		2EDC3A9A24B4FAB700944A3D /* GroceryShoppingTaskTests */ = {
			isa = PBXNativeTarget;
			buildConfigurationList = 2EDC3AA724B4FAB700944A3D /* Build configuration list for PBXNativeTarget "GroceryShoppingTaskTests" */;
			buildPhases = (
				5ADB1DEA3BFE9A39057C3090 /* [CP] Check Pods Manifest.lock */,
				2EDC3A9724B4FAB700944A3D /* Sources */,
				2EDC3A9824B4FAB700944A3D /* Frameworks */,
				2EDC3A9924B4FAB700944A3D /* Resources */,
			);
			buildRules = (
			);
			dependencies = (
				2EDC3A9D24B4FAB700944A3D /* PBXTargetDependency */,
			);
			name = GroceryShoppingTaskTests;
			productName = GroceryShoppingTaskTests;
			productReference = 2EDC3A9B24B4FAB700944A3D /* GroceryShoppingTaskTests.xctest */;
			productType = "com.apple.product-type.bundle.unit-test";
		};
/* End PBXNativeTarget section */

/* Begin PBXProject section */
		2EDC3A7D24B4FAB500944A3D /* Project object */ = {
			isa = PBXProject;
			attributes = {
				LastSwiftUpdateCheck = 1130;
				LastUpgradeCheck = 1130;
				ORGANIZATIONNAME = "Atta Amed";
				TargetAttributes = {
					2EDC3A8424B4FAB500944A3D = {
						CreatedOnToolsVersion = 11.3.1;
					};
					2EDC3A9A24B4FAB700944A3D = {
						CreatedOnToolsVersion = 11.3.1;
						TestTargetID = 2EDC3A8424B4FAB500944A3D;
					};
				};
			};
			buildConfigurationList = 2EDC3A8024B4FAB500944A3D /* Build configuration list for PBXProject "GroceryShoppingTask" */;
			compatibilityVersion = "Xcode 9.3";
			developmentRegion = en;
			hasScannedForEncodings = 0;
			knownRegions = (
				en,
				Base,
			);
			mainGroup = 2EDC3A7C24B4FAB500944A3D;
			productRefGroup = 2EDC3A8624B4FAB500944A3D /* Products */;
			projectDirPath = "";
			projectRoot = "";
			targets = (
				2EDC3A8424B4FAB500944A3D /* GroceryShoppingTask */,
				2EDC3A9A24B4FAB700944A3D /* GroceryShoppingTaskTests */,
			);
		};
/* End PBXProject section */

/* Begin PBXResourcesBuildPhase section */
		2EDC3A8324B4FAB500944A3D /* Resources */ = {
			isa = PBXResourcesBuildPhase;
			buildActionMask = 2147483647;
			files = (
				2EDC3A9524B4FAB700944A3D /* LaunchScreen.storyboard in Resources */,
				2E833DDB24B648E10057D502 /* CartCell.xib in Resources */,
				2EDC3ABB24B5177E00944A3D /* ShoppingCell.xib in Resources */,
				2EDC3A9224B4FAB700944A3D /* Assets.xcassets in Resources */,
				2EDC3A9024B4FAB600944A3D /* Main.storyboard in Resources */,
			);
			runOnlyForDeploymentPostprocessing = 0;
		};
		2EDC3A9924B4FAB700944A3D /* Resources */ = {
			isa = PBXResourcesBuildPhase;
			buildActionMask = 2147483647;
			files = (
			);
			runOnlyForDeploymentPostprocessing = 0;
		};
/* End PBXResourcesBuildPhase section */

/* Begin PBXShellScriptBuildPhase section */
		5ADB1DEA3BFE9A39057C3090 /* [CP] Check Pods Manifest.lock */ = {
			isa = PBXShellScriptBuildPhase;
			buildActionMask = 2147483647;
			files = (
			);
			inputFileListPaths = (
			);
			inputPaths = (
				"${PODS_PODFILE_DIR_PATH}/Podfile.lock",
				"${PODS_ROOT}/Manifest.lock",
			);
			name = "[CP] Check Pods Manifest.lock";
			outputFileListPaths = (
			);
			outputPaths = (
				"$(DERIVED_FILE_DIR)/Pods-GroceryShoppingTaskTests-checkManifestLockResult.txt",
			);
			runOnlyForDeploymentPostprocessing = 0;
			shellPath = /bin/sh;
			shellScript = "diff \"${PODS_PODFILE_DIR_PATH}/Podfile.lock\" \"${PODS_ROOT}/Manifest.lock\" > /dev/null\nif [ $? != 0 ] ; then\n    # print error to STDERR\n    echo \"error: The sandbox is not in sync with the Podfile.lock. Run 'pod install' or update your CocoaPods installation.\" >&2\n    exit 1\nfi\n# This output is used by Xcode 'outputs' to avoid re-running this script phase.\necho \"SUCCESS\" > \"${SCRIPT_OUTPUT_FILE_0}\"\n";
			showEnvVarsInLog = 0;
		};
		920CC642123360EF14A582B4 /* [CP] Check Pods Manifest.lock */ = {
			isa = PBXShellScriptBuildPhase;
			buildActionMask = 2147483647;
			files = (
			);
			inputFileListPaths = (
			);
			inputPaths = (
				"${PODS_PODFILE_DIR_PATH}/Podfile.lock",
				"${PODS_ROOT}/Manifest.lock",
			);
			name = "[CP] Check Pods Manifest.lock";
			outputFileListPaths = (
			);
			outputPaths = (
				"$(DERIVED_FILE_DIR)/Pods-GroceryShoppingTask-checkManifestLockResult.txt",
			);
			runOnlyForDeploymentPostprocessing = 0;
			shellPath = /bin/sh;
			shellScript = "diff \"${PODS_PODFILE_DIR_PATH}/Podfile.lock\" \"${PODS_ROOT}/Manifest.lock\" > /dev/null\nif [ $? != 0 ] ; then\n    # print error to STDERR\n    echo \"error: The sandbox is not in sync with the Podfile.lock. Run 'pod install' or update your CocoaPods installation.\" >&2\n    exit 1\nfi\n# This output is used by Xcode 'outputs' to avoid re-running this script phase.\necho \"SUCCESS\" > \"${SCRIPT_OUTPUT_FILE_0}\"\n";
			showEnvVarsInLog = 0;
		};
		AC764422F8D8FAA5FCF75BF4 /* [CP] Embed Pods Frameworks */ = {
			isa = PBXShellScriptBuildPhase;
			buildActionMask = 2147483647;
			files = (
			);
			inputFileListPaths = (
				"${PODS_ROOT}/Target Support Files/Pods-GroceryShoppingTask/Pods-GroceryShoppingTask-frameworks-${CONFIGURATION}-input-files.xcfilelist",
			);
			name = "[CP] Embed Pods Frameworks";
			outputFileListPaths = (
				"${PODS_ROOT}/Target Support Files/Pods-GroceryShoppingTask/Pods-GroceryShoppingTask-frameworks-${CONFIGURATION}-output-files.xcfilelist",
			);
			runOnlyForDeploymentPostprocessing = 0;
			shellPath = /bin/sh;
			shellScript = "\"${PODS_ROOT}/Target Support Files/Pods-GroceryShoppingTask/Pods-GroceryShoppingTask-frameworks.sh\"\n";
			showEnvVarsInLog = 0;
		};
/* End PBXShellScriptBuildPhase section */

/* Begin PBXSourcesBuildPhase section */
		2EDC3A8124B4FAB500944A3D /* Sources */ = {
			isa = PBXSourcesBuildPhase;
			buildActionMask = 2147483647;
			files = (
				2E833DDF24B6533E0057D502 /* CartPresenter.swift in Sources */,
				2EDC3AB624B5169B00944A3D /* CartViewController.swift in Sources */,
				2E833DD024B602B80057D502 /* Product.swift in Sources */,
				2EDC3A8924B4FAB600944A3D /* AppDelegate.swift in Sources */,
				2E833DDD24B652F60057D502 /* Cart.swift in Sources */,
				2E833DCE24B601DE0057D502 /* ShoppingPresenter.swift in Sources */,
				2EDC3AB424B5168B00944A3D /* ShoppingViewController.swift in Sources */,
				2EDC3A8B24B4FAB600944A3D /* SceneDelegate.swift in Sources */,
				2E833DD324B608D30057D502 /* ShoppingPresenterProtocol.swift in Sources */,
				2E833DDA24B648E10057D502 /* CartCell.swift in Sources */,
				2E833DCC24B5EC1D0057D502 /* GroceryAPIConfig.swift in Sources */,
				2E833DCA24B5EB730057D502 /* NetworkHelper.swift in Sources */,
				2E833DE124B6535E0057D502 /* CartProtocol.swift in Sources */,
				2E833DD724B617F80057D502 /* Extensions.swift in Sources */,
				2EDC3ABA24B5177E00944A3D /* ShoppingCell.swift in Sources */,
			);
			runOnlyForDeploymentPostprocessing = 0;
		};
		2EDC3A9724B4FAB700944A3D /* Sources */ = {
			isa = PBXSourcesBuildPhase;
			buildActionMask = 2147483647;
			files = (
				2E833DD524B60F7F0057D502 /* ShoppingPresenterTests.swift in Sources */,
				2EDC3AB024B515B700944A3D /* ShoppingViewControllerTests.swift in Sources */,
				2EDC3AA024B4FAB700944A3D /* GroceryShoppingTaskTests.swift in Sources */,
			);
			runOnlyForDeploymentPostprocessing = 0;
		};
/* End PBXSourcesBuildPhase section */

/* Begin PBXTargetDependency section */
		2EDC3A9D24B4FAB700944A3D /* PBXTargetDependency */ = {
			isa = PBXTargetDependency;
			target = 2EDC3A8424B4FAB500944A3D /* GroceryShoppingTask */;
			targetProxy = 2EDC3A9C24B4FAB700944A3D /* PBXContainerItemProxy */;
		};
/* End PBXTargetDependency section */

/* Begin PBXVariantGroup section */
		2EDC3A8E24B4FAB600944A3D /* Main.storyboard */ = {
			isa = PBXVariantGroup;
			children = (
				2EDC3A8F24B4FAB600944A3D /* Base */,
			);
			name = Main.storyboard;
			sourceTree = "<group>";
		};
		2EDC3A9324B4FAB700944A3D /* LaunchScreen.storyboard */ = {
			isa = PBXVariantGroup;
			children = (
				2EDC3A9424B4FAB700944A3D /* Base */,
			);
			name = LaunchScreen.storyboard;
			sourceTree = "<group>";
		};
/* End PBXVariantGroup section */

/* Begin XCBuildConfiguration section */
		2EDC3AA224B4FAB700944A3D /* Debug */ = {
			isa = XCBuildConfiguration;
			buildSettings = {
				ALWAYS_SEARCH_USER_PATHS = NO;
				CLANG_ANALYZER_NONNULL = YES;
				CLANG_ANALYZER_NUMBER_OBJECT_CONVERSION = YES_AGGRESSIVE;
				CLANG_CXX_LANGUAGE_STANDARD = "gnu++14";
				CLANG_CXX_LIBRARY = "libc++";
				CLANG_ENABLE_MODULES = YES;
				CLANG_ENABLE_OBJC_ARC = YES;
				CLANG_ENABLE_OBJC_WEAK = YES;
				CLANG_WARN_BLOCK_CAPTURE_AUTORELEASING = YES;
				CLANG_WARN_BOOL_CONVERSION = YES;
				CLANG_WARN_COMMA = YES;
				CLANG_WARN_CONSTANT_CONVERSION = YES;
				CLANG_WARN_DEPRECATED_OBJC_IMPLEMENTATIONS = YES;
				CLANG_WARN_DIRECT_OBJC_ISA_USAGE = YES_ERROR;
				CLANG_WARN_DOCUMENTATION_COMMENTS = YES;
				CLANG_WARN_EMPTY_BODY = YES;
				CLANG_WARN_ENUM_CONVERSION = YES;
				CLANG_WARN_INFINITE_RECURSION = YES;
				CLANG_WARN_INT_CONVERSION = YES;
				CLANG_WARN_NON_LITERAL_NULL_CONVERSION = YES;
				CLANG_WARN_OBJC_IMPLICIT_RETAIN_SELF = YES;
				CLANG_WARN_OBJC_LITERAL_CONVERSION = YES;
				CLANG_WARN_OBJC_ROOT_CLASS = YES_ERROR;
				CLANG_WARN_RANGE_LOOP_ANALYSIS = YES;
				CLANG_WARN_STRICT_PROTOTYPES = YES;
				CLANG_WARN_SUSPICIOUS_MOVE = YES;
				CLANG_WARN_UNGUARDED_AVAILABILITY = YES_AGGRESSIVE;
				CLANG_WARN_UNREACHABLE_CODE = YES;
				CLANG_WARN__DUPLICATE_METHOD_MATCH = YES;
				COPY_PHASE_STRIP = NO;
				DEBUG_INFORMATION_FORMAT = dwarf;
				ENABLE_STRICT_OBJC_MSGSEND = YES;
				ENABLE_TESTABILITY = YES;
				GCC_C_LANGUAGE_STANDARD = gnu11;
				GCC_DYNAMIC_NO_PIC = NO;
				GCC_NO_COMMON_BLOCKS = YES;
				GCC_OPTIMIZATION_LEVEL = 0;
				GCC_PREPROCESSOR_DEFINITIONS = (
					"DEBUG=1",
					"$(inherited)",
				);
				GCC_WARN_64_TO_32_BIT_CONVERSION = YES;
				GCC_WARN_ABOUT_RETURN_TYPE = YES_ERROR;
				GCC_WARN_UNDECLARED_SELECTOR = YES;
				GCC_WARN_UNINITIALIZED_AUTOS = YES_AGGRESSIVE;
				GCC_WARN_UNUSED_FUNCTION = YES;
				GCC_WARN_UNUSED_VARIABLE = YES;
				IPHONEOS_DEPLOYMENT_TARGET = 13.2;
				MTL_ENABLE_DEBUG_INFO = INCLUDE_SOURCE;
				MTL_FAST_MATH = YES;
				ONLY_ACTIVE_ARCH = YES;
				SDKROOT = iphoneos;
				SWIFT_ACTIVE_COMPILATION_CONDITIONS = DEBUG;
				SWIFT_OPTIMIZATION_LEVEL = "-Onone";
			};
			name = Debug;
		};
		2EDC3AA324B4FAB700944A3D /* Release */ = {
			isa = XCBuildConfiguration;
			buildSettings = {
				ALWAYS_SEARCH_USER_PATHS = NO;
				CLANG_ANALYZER_NONNULL = YES;
				CLANG_ANALYZER_NUMBER_OBJECT_CONVERSION = YES_AGGRESSIVE;
				CLANG_CXX_LANGUAGE_STANDARD = "gnu++14";
				CLANG_CXX_LIBRARY = "libc++";
				CLANG_ENABLE_MODULES = YES;
				CLANG_ENABLE_OBJC_ARC = YES;
				CLANG_ENABLE_OBJC_WEAK = YES;
				CLANG_WARN_BLOCK_CAPTURE_AUTORELEASING = YES;
				CLANG_WARN_BOOL_CONVERSION = YES;
				CLANG_WARN_COMMA = YES;
				CLANG_WARN_CONSTANT_CONVERSION = YES;
				CLANG_WARN_DEPRECATED_OBJC_IMPLEMENTATIONS = YES;
				CLANG_WARN_DIRECT_OBJC_ISA_USAGE = YES_ERROR;
				CLANG_WARN_DOCUMENTATION_COMMENTS = YES;
				CLANG_WARN_EMPTY_BODY = YES;
				CLANG_WARN_ENUM_CONVERSION = YES;
				CLANG_WARN_INFINITE_RECURSION = YES;
				CLANG_WARN_INT_CONVERSION = YES;
				CLANG_WARN_NON_LITERAL_NULL_CONVERSION = YES;
				CLANG_WARN_OBJC_IMPLICIT_RETAIN_SELF = YES;
				CLANG_WARN_OBJC_LITERAL_CONVERSION = YES;
				CLANG_WARN_OBJC_ROOT_CLASS = YES_ERROR;
				CLANG_WARN_RANGE_LOOP_ANALYSIS = YES;
				CLANG_WARN_STRICT_PROTOTYPES = YES;
				CLANG_WARN_SUSPICIOUS_MOVE = YES;
				CLANG_WARN_UNGUARDED_AVAILABILITY = YES_AGGRESSIVE;
				CLANG_WARN_UNREACHABLE_CODE = YES;
				CLANG_WARN__DUPLICATE_METHOD_MATCH = YES;
				COPY_PHASE_STRIP = NO;
				DEBUG_INFORMATION_FORMAT = "dwarf-with-dsym";
				ENABLE_NS_ASSERTIONS = NO;
				ENABLE_STRICT_OBJC_MSGSEND = YES;
				GCC_C_LANGUAGE_STANDARD = gnu11;
				GCC_NO_COMMON_BLOCKS = YES;
				GCC_WARN_64_TO_32_BIT_CONVERSION = YES;
				GCC_WARN_ABOUT_RETURN_TYPE = YES_ERROR;
				GCC_WARN_UNDECLARED_SELECTOR = YES;
				GCC_WARN_UNINITIALIZED_AUTOS = YES_AGGRESSIVE;
				GCC_WARN_UNUSED_FUNCTION = YES;
				GCC_WARN_UNUSED_VARIABLE = YES;
				IPHONEOS_DEPLOYMENT_TARGET = 13.2;
				MTL_ENABLE_DEBUG_INFO = NO;
				MTL_FAST_MATH = YES;
				SDKROOT = iphoneos;
				SWIFT_COMPILATION_MODE = wholemodule;
				SWIFT_OPTIMIZATION_LEVEL = "-O";
				VALIDATE_PRODUCT = YES;
			};
			name = Release;
		};
		2EDC3AA524B4FAB700944A3D /* Debug */ = {
			isa = XCBuildConfiguration;
			baseConfigurationReference = 3B3818413EC7B09EC746D2DB /* Pods-GroceryShoppingTask.debug.xcconfig */;
			buildSettings = {
				ASSETCATALOG_COMPILER_APPICON_NAME = AppIcon;
				CODE_SIGN_STYLE = Automatic;
				INFOPLIST_FILE = GroceryShoppingTask/Info.plist;
				IPHONEOS_DEPLOYMENT_TARGET = 13.0;
				LD_RUNPATH_SEARCH_PATHS = (
					"$(inherited)",
					"@executable_path/Frameworks",
				);
				PRODUCT_BUNDLE_IDENTIFIER = Atta.GroceryShoppingTask;
				PRODUCT_NAME = "$(TARGET_NAME)";
				SWIFT_VERSION = 5.0;
				TARGETED_DEVICE_FAMILY = "1,2";
			};
			name = Debug;
		};
		2EDC3AA624B4FAB700944A3D /* Release */ = {
			isa = XCBuildConfiguration;
			baseConfigurationReference = 5FA64303D0C4A862B1149975 /* Pods-GroceryShoppingTask.release.xcconfig */;
			buildSettings = {
				ASSETCATALOG_COMPILER_APPICON_NAME = AppIcon;
				CODE_SIGN_STYLE = Automatic;
				INFOPLIST_FILE = GroceryShoppingTask/Info.plist;
				IPHONEOS_DEPLOYMENT_TARGET = 13.0;
				LD_RUNPATH_SEARCH_PATHS = (
					"$(inherited)",
					"@executable_path/Frameworks",
				);
				PRODUCT_BUNDLE_IDENTIFIER = Atta.GroceryShoppingTask;
				PRODUCT_NAME = "$(TARGET_NAME)";
				SWIFT_VERSION = 5.0;
				TARGETED_DEVICE_FAMILY = "1,2";
			};
			name = Release;
		};
		2EDC3AA824B4FAB700944A3D /* Debug */ = {
			isa = XCBuildConfiguration;
			baseConfigurationReference = 8FB9CB4B4B625CB899BEA82E /* Pods-GroceryShoppingTaskTests.debug.xcconfig */;
			buildSettings = {
				ALWAYS_EMBED_SWIFT_STANDARD_LIBRARIES = YES;
				BUNDLE_LOADER = "$(TEST_HOST)";
				CODE_SIGN_STYLE = Automatic;
				INFOPLIST_FILE = GroceryShoppingTaskTests/Info.plist;
				IPHONEOS_DEPLOYMENT_TARGET = 13.2;
				LD_RUNPATH_SEARCH_PATHS = (
					"$(inherited)",
					"@executable_path/Frameworks",
					"@loader_path/Frameworks",
				);
				PRODUCT_BUNDLE_IDENTIFIER = Atta.GroceryShoppingTaskTests;
				PRODUCT_NAME = "$(TARGET_NAME)";
				SWIFT_VERSION = 5.0;
				TARGETED_DEVICE_FAMILY = "1,2";
				TEST_HOST = "$(BUILT_PRODUCTS_DIR)/GroceryShoppingTask.app/GroceryShoppingTask";
			};
			name = Debug;
		};
		2EDC3AA924B4FAB700944A3D /* Release */ = {
			isa = XCBuildConfiguration;
			baseConfigurationReference = DA290357593B3B3B624664CE /* Pods-GroceryShoppingTaskTests.release.xcconfig */;
			buildSettings = {
				ALWAYS_EMBED_SWIFT_STANDARD_LIBRARIES = YES;
				BUNDLE_LOADER = "$(TEST_HOST)";
				CODE_SIGN_STYLE = Automatic;
				INFOPLIST_FILE = GroceryShoppingTaskTests/Info.plist;
				IPHONEOS_DEPLOYMENT_TARGET = 13.2;
				LD_RUNPATH_SEARCH_PATHS = (
					"$(inherited)",
					"@executable_path/Frameworks",
					"@loader_path/Frameworks",
				);
				PRODUCT_BUNDLE_IDENTIFIER = Atta.GroceryShoppingTaskTests;
				PRODUCT_NAME = "$(TARGET_NAME)";
				SWIFT_VERSION = 5.0;
				TARGETED_DEVICE_FAMILY = "1,2";
				TEST_HOST = "$(BUILT_PRODUCTS_DIR)/GroceryShoppingTask.app/GroceryShoppingTask";
			};
			name = Release;
		};
/* End XCBuildConfiguration section */

/* Begin XCConfigurationList section */
		2EDC3A8024B4FAB500944A3D /* Build configuration list for PBXProject "GroceryShoppingTask" */ = {
			isa = XCConfigurationList;
			buildConfigurations = (
				2EDC3AA224B4FAB700944A3D /* Debug */,
				2EDC3AA324B4FAB700944A3D /* Release */,
			);
			defaultConfigurationIsVisible = 0;
			defaultConfigurationName = Release;
		};
		2EDC3AA424B4FAB700944A3D /* Build configuration list for PBXNativeTarget "GroceryShoppingTask" */ = {
			isa = XCConfigurationList;
			buildConfigurations = (
				2EDC3AA524B4FAB700944A3D /* Debug */,
				2EDC3AA624B4FAB700944A3D /* Release */,
			);
			defaultConfigurationIsVisible = 0;
			defaultConfigurationName = Release;
		};
		2EDC3AA724B4FAB700944A3D /* Build configuration list for PBXNativeTarget "GroceryShoppingTaskTests" */ = {
			isa = XCConfigurationList;
			buildConfigurations = (
				2EDC3AA824B4FAB700944A3D /* Debug */,
				2EDC3AA924B4FAB700944A3D /* Release */,
			);
			defaultConfigurationIsVisible = 0;
			defaultConfigurationName = Release;
		};
/* End XCConfigurationList section */
	};
	rootObject = 2EDC3A7D24B4FAB500944A3D /* Project object */;
}
